{
  "nodes": {
    "nixpkgs": {
      "locked": {
        "lastModified": 1742283249,
        "narHash": "sha256-hYz59vIFHjPt3l4iaXwCGUPu85EVRomzZRONksMVmgY=",
        "owner": "nixos",
        "repo": "nixpkgs",
        "rev": "96fd046807e107b6f41e397b74aedfe6d9e53083",
        "type": "github"
      },
      "original": {
        "owner": "nixos",
        "repo": "nixpkgs",
        "type": "github"
      }
    },
    "root": {
      "inputs": {
        "nixpkgs": "nixpkgs"
      }
    }
  },
  "root": "root",
  "version": 7
}
